
Microsoft Visual Studio Solution File, Format Version 12.00
# Visual Studio Version 16
VisualStudioVersion = 16.0.30804.86
MinimumVisualStudioVersion = 10.0.40219.1
Project("{FAE04EC0-301F-11D3-BF4B-00C04F79EFBC}") = "methods_task_7", "methods_task_7\methods_task_7.csproj", "{520481C7-9FEE-4CED-92CA-A53861FF492B}"
EndProject
Global
	GlobalSection(SolutionConfigurationPlatforms) = preSolution
		Debug|Any CPU = Debug|Any CPU
		Release|Any CPU = Release|Any CPU
	EndGlobalSection
	GlobalSection(ProjectConfigurationPlatforms) = postSolution
		{520481C7-9FEE-4CED-92CA-A53861FF492B}.Debug|Any CPU.ActiveCfg = Debug|Any CPU
		{520481C7-9FEE-4CED-92CA-A53861FF492B}.Debug|Any CPU.Build.0 = Debug|Any CPU
		{520481C7-9FEE-4CED-92CA-A53861FF492B}.Release|Any CPU.ActiveCfg = Release|Any CPU
		{520481C7-9FEE-4CED-92CA-A53861FF492B}.Release|Any CPU.Build.0 = Release|Any CPU
	EndGlobalSection
	GlobalSection(SolutionProperties) = preSolution
		HideSolutionNode = FALSE
	EndGlobalSection
	GlobalSection(ExtensibilityGlobals) = postSolution
		SolutionGuid = {E80E56F3-F5F5-486B-A968-A940E593D1C4}
	EndGlobalSection
EndGlobal
