
Microsoft Visual Studio Solution File, Format Version 12.00
# Visual Studio Version 16
VisualStudioVersion = 16.0.30804.86
MinimumVisualStudioVersion = 10.0.40219.1
Project("{FAE04EC0-301F-11D3-BF4B-00C04F79EFBC}") = "Menfi_Musbet_ededler", "Menfi_Musbet_ededler\Menfi_Musbet_ededler.csproj", "{81E1C459-681D-4278-96CB-88F205A1CA90}"
EndProject
Global
	GlobalSection(SolutionConfigurationPlatforms) = preSolution
		Debug|Any CPU = Debug|Any CPU
		Release|Any CPU = Release|Any CPU
	EndGlobalSection
	GlobalSection(ProjectConfigurationPlatforms) = postSolution
		{81E1C459-681D-4278-96CB-88F205A1CA90}.Debug|Any CPU.ActiveCfg = Debug|Any CPU
		{81E1C459-681D-4278-96CB-88F205A1CA90}.Debug|Any CPU.Build.0 = Debug|Any CPU
		{81E1C459-681D-4278-96CB-88F205A1CA90}.Release|Any CPU.ActiveCfg = Release|Any CPU
		{81E1C459-681D-4278-96CB-88F205A1CA90}.Release|Any CPU.Build.0 = Release|Any CPU
	EndGlobalSection
	GlobalSection(SolutionProperties) = preSolution
		HideSolutionNode = FALSE
	EndGlobalSection
	GlobalSection(ExtensibilityGlobals) = postSolution
		SolutionGuid = {9A2E06FC-340B-4FEF-8DB5-ECF2928DBA19}
	EndGlobalSection
EndGlobal
